// !$*UTF8*$!
{
	archiveVersion = 1;
	classes = {
	};
	objectVersion = 46;
	objects = {

/* Begin PBXBuildFile section */
		ACCC1E8A1F35486A0052901A /* AppDelegate.swift in Sources */ = {isa = PBXBuildFile; fileRef = ACCC1E891F35486A0052901A /* AppDelegate.swift */; };
		ACCC1E8C1F35486A0052901A /* ViewController.swift in Sources */ = {isa = PBXBuildFile; fileRef = ACCC1E8B1F35486A0052901A /* ViewController.swift */; };
		ACCC1E8F1F35486A0052901A /* Main.storyboard in Resources */ = {isa = PBXBuildFile; fileRef = ACCC1E8D1F35486A0052901A /* Main.storyboard */; };
		ACCC1E911F35486A0052901A /* Assets.xcassets in Resources */ = {isa = PBXBuildFile; fileRef = ACCC1E901F35486A0052901A /* Assets.xcassets */; };
		ACCC1E941F35486A0052901A /* LaunchScreen.storyboard in Resources */ = {isa = PBXBuildFile; fileRef = ACCC1E921F35486A0052901A /* LaunchScreen.storyboard */; };
		ACCC1E9C1F354F1B0052901A /* corinthians.png in Resources */ = {isa = PBXBuildFile; fileRef = ACCC1E9B1F354F1B0052901A /* corinthians.png */; };
/* End PBXBuildFile section */

/* Begin PBXFileReference section */
		ACCC1E861F35486A0052901A /* Exemplo TableView.app */ = {isa = PBXFileReference; explicitFileType = wrapper.application; includeInIndex = 0; path = "Exemplo TableView.app"; sourceTree = BUILT_PRODUCTS_DIR; };
		ACCC1E891F35486A0052901A /* AppDelegate.swift */ = {isa = PBXFileReference; lastKnownFileType = sourcecode.swift; path = AppDelegate.swift; sourceTree = "<group>"; };
		ACCC1E8B1F35486A0052901A /* ViewController.swift */ = {isa = PBXFileReference; lastKnownFileType = sourcecode.swift; path = ViewController.swift; sourceTree = "<group>"; };
		ACCC1E8E1F35486A0052901A /* Base */ = {isa = PBXFileReference; lastKnownFileType = file.storyboard; name = Base; path = Base.lproj/Main.storyboard; sourceTree = "<group>"; };
		ACCC1E901F35486A0052901A /* Assets.xcassets */ = {isa = PBXFileReference; lastKnownFileType = folder.assetcatalog; path = Assets.xcassets; sourceTree = "<group>"; };
		ACCC1E931F35486A0052901A /* Base */ = {isa = PBXFileReference; lastKnownFileType = file.storyboard; name = Base; path = Base.lproj/LaunchScreen.storyboard; sourceTree = "<group>"; };
		ACCC1E951F35486A0052901A /* Info.plist */ = {isa = PBXFileReference; lastKnownFileType = text.plist.xml; path = Info.plist; sourceTree = "<group>"; };
		ACCC1E9B1F354F1B0052901A /* corinthians.png */ = {isa = PBXFileReference; lastKnownFileType = image.png; name = corinthians.png; path = ../../../Downloads/ImagensTabela_Aula_de_tableView/corinthians.png; sourceTree = "<group>"; };
/* End PBXFileReference section */

/* Begin PBXFrameworksBuildPhase section */
		ACCC1E831F35486A0052901A /* Frameworks */ = {
			isa = PBXFrameworksBuildPhase;
			buildActionMask = 2147483647;
			files = (
			);
			runOnlyForDeploymentPostprocessing = 0;
		};
/* End PBXFrameworksBuildPhase section */

/* Begin PBXGroup section */
		ACCC1E7D1F35486A0052901A = {
			isa = PBXGroup;
			children = (
				ACCC1E881F35486A0052901A /* Exemplo TableView */,
				ACCC1E871F35486A0052901A /* Products */,
			);
			sourceTree = "<group>";
		};
		ACCC1E871F35486A0052901A /* Products */ = {
			isa = PBXGroup;
			children = (
				ACCC1E861F35486A0052901A /* Exemplo TableView.app */,
			);
			name = Products;
			sourceTree = "<group>";
		};
		ACCC1E881F35486A0052901A /* Exemplo TableView */ = {
			isa = PBXGroup;
			children = (
				ACCC1E891F35486A0052901A /* AppDelegate.swift */,
				ACCC1E8B1F35486A0052901A /* ViewController.swift */,
				ACCC1E8D1F35486A0052901A /* Main.storyboard */,
				ACCC1E901F35486A0052901A /* Assets.xcassets */,
				ACCC1E921F35486A0052901A /* LaunchScreen.storyboard */,
				ACCC1E9B1F354F1B0052901A /* corinthians.png */,
				ACCC1E951F35486A0052901A /* Info.plist */,
			);
			path = "Exemplo TableView";
			sourceTree = "<group>";
		};
/* End PBXGroup section */

/* Begin PBXNativeTarget section */
		ACCC1E851F35486A0052901A /* Exemplo TableView */ = {
			isa = PBXNativeTarget;
			buildConfigurationList = ACCC1E981F35486A0052901A /* Build configuration list for PBXNativeTarget "Exemplo TableView" */;
			buildPhases = (
				ACCC1E821F35486A0052901A /* Sources */,
				ACCC1E831F35486A0052901A /* Frameworks */,
				ACCC1E841F35486A0052901A /* Resources */,
			);
			buildRules = (
			);
			dependencies = (
			);
			name = "Exemplo TableView";
			productName = "Exemplo TableView";
			productReference = ACCC1E861F35486A0052901A /* Exemplo TableView.app */;
			productType = "com.apple.product-type.application";
		};
/* End PBXNativeTarget section */

/* Begin PBXProject section */
		ACCC1E7E1F35486A0052901A /* Project object */ = {
			isa = PBXProject;
			attributes = {
				LastSwiftUpdateCheck = 0810;
				LastUpgradeCheck = 0810;
				ORGANIZATIONNAME = "Usuário Convidado";
				TargetAttributes = {
					ACCC1E851F35486A0052901A = {
						CreatedOnToolsVersion = 8.1;
						ProvisioningStyle = Automatic;
					};
				};
			};
			buildConfigurationList = ACCC1E811F35486A0052901A /* Build configuration list for PBXProject "Exemplo TableView" */;
			compatibilityVersion = "Xcode 3.2";
			developmentRegion = English;
			hasScannedForEncodings = 0;
			knownRegions = (
				en,
				Base,
			);
			mainGroup = ACCC1E7D1F35486A0052901A;
			productRefGroup = ACCC1E871F35486A0052901A /* Products */;
			projectDirPath = "";
			projectRoot = "";
			targets = (
				ACCC1E851F35486A0052901A /* Exemplo TableView */,
			);
		};
/* End PBXProject section */

/* Begin PBXResourcesBuildPhase section */
		ACCC1E841F35486A0052901A /* Resources */ = {
			isa = PBXResourcesBuildPhase;
			buildActionMask = 2147483647;
			files = (
				ACCC1E9C1F354F1B0052901A /* corinthians.png in Resources */,
				ACCC1E941F35486A0052901A /* LaunchScreen.storyboard in Resources */,
				ACCC1E911F35486A0052901A /* Assets.xcassets in Resources */,
				ACCC1E8F1F35486A0052901A /* Main.storyboard in Resources */,
			);
			runOnlyForDeploymentPostprocessing = 0;
		};
/* End PBXResourcesBuildPhase section */

/* Begin PBXSourcesBuildPhase section */
		ACCC1E821F35486A0052901A /* Sources */ = {
			isa = PBXSourcesBuildPhase;
			buildActionMask = 2147483647;
			files = (
				ACCC1E8C1F35486A0052901A /* ViewController.swift in Sources */,
				ACCC1E8A1F35486A0052901A /* AppDelegate.swift in Sources */,
			);
			runOnlyForDeploymentPostprocessing = 0;
		};
/* End PBXSourcesBuildPhase section */

/* Begin PBXVariantGroup section */
		ACCC1E8D1F35486A0052901A /* Main.storyboard */ = {
			isa = PBXVariantGroup;
			children = (
				ACCC1E8E1F35486A0052901A /* Base */,
			);
			name = Main.storyboard;
			sourceTree = "<group>";
		};
		ACCC1E921F35486A0052901A /* LaunchScreen.storyboard */ = {
			isa = PBXVariantGroup;
			children = (
				ACCC1E931F35486A0052901A /* Base */,
			);
			name = LaunchScreen.storyboard;
			sourceTree = "<group>";
		};
/* End PBXVariantGroup section */

/* Begin XCBuildConfiguration section */
		ACCC1E961F35486A0052901A /* Debug */ = {
			isa = XCBuildConfiguration;
			buildSettings = {
				ALWAYS_SEARCH_USER_PATHS = NO;
				CLANG_ANALYZER_NONNULL = YES;
				CLANG_CXX_LANGUAGE_STANDARD = "gnu++0x";
				CLANG_CXX_LIBRARY = "libc++";
				CLANG_ENABLE_MODULES = YES;
				CLANG_ENABLE_OBJC_ARC = YES;
				CLANG_WARN_BOOL_CONVERSION = YES;
				CLANG_WARN_CONSTANT_CONVERSION = YES;
				CLANG_WARN_DIRECT_OBJC_ISA_USAGE = YES_ERROR;
				CLANG_WARN_DOCUMENTATION_COMMENTS = YES;
				CLANG_WARN_EMPTY_BODY = YES;
				CLANG_WARN_ENUM_CONVERSION = YES;
				CLANG_WARN_INFINITE_RECURSION = YES;
				CLANG_WARN_INT_CONVERSION = YES;
				CLANG_WARN_OBJC_ROOT_CLASS = YES_ERROR;
				CLANG_WARN_SUSPICIOUS_MOVES = YES;
				CLANG_WARN_UNREACHABLE_CODE = YES;
				CLANG_WARN__DUPLICATE_METHOD_MATCH = YES;
				"CODE_SIGN_IDENTITY[sdk=iphoneos*]" = "iPhone Developer";
				COPY_PHASE_STRIP = NO;
				DEBUG_INFORMATION_FORMAT = dwarf;
				ENABLE_STRICT_OBJC_MSGSEND = YES;
				ENABLE_TESTABILITY = YES;
				GCC_C_LANGUAGE_STANDARD = gnu99;
				GCC_DYNAMIC_NO_PIC = NO;
				GCC_NO_COMMON_BLOCKS = YES;
				GCC_OPTIMIZATION_LEVEL = 0;
				GCC_PREPROCESSOR_DEFINITIONS = (
					"DEBUG=1",
					"$(inherited)",
				);
				GCC_WARN_64_TO_32_BIT_CONVERSION = YES;
				GCC_WARN_ABOUT_RETURN_TYPE = YES_ERROR;
				GCC_WARN_UNDECLARED_SELECTOR = YES;
				GCC_WARN_UNINITIALIZED_AUTOS = YES_AGGRESSIVE;
				GCC_WARN_UNUSED_FUNCTION = YES;
				GCC_WARN_UNUSED_VARIABLE = YES;
				IPHONEOS_DEPLOYMENT_TARGET = 10.1;
				MTL_ENABLE_DEBUG_INFO = YES;
				ONLY_ACTIVE_ARCH = YES;
				SDKROOT = iphoneos;
				SWIFT_ACTIVE_COMPILATION_CONDITIONS = DEBUG;
				SWIFT_OPTIMIZATION_LEVEL = "-Onone";
			};
			name = Debug;
		};
		ACCC1E971F35486A0052901A /* Release */ = {
			isa = XCBuildConfiguration;
			buildSettings = {
				ALWAYS_SEARCH_USER_PATHS = NO;
				CLANG_ANALYZER_NONNULL = YES;
				CLANG_CXX_LANGUAGE_STANDARD = "gnu++0x";
				CLANG_CXX_LIBRARY = "libc++";
				CLANG_ENABLE_MODULES = YES;
				CLANG_ENABLE_OBJC_ARC = YES;
				CLANG_WARN_BOOL_CONVERSION = YES;
				CLANG_WARN_CONSTANT_CONVERSION = YES;
				CLANG_WARN_DIRECT_OBJC_ISA_USAGE = YES_ERROR;
				CLANG_WARN_DOCUMENTATION_COMMENTS = YES;
				CLANG_WARN_EMPTY_BODY = YES;
				CLANG_WARN_ENUM_CONVERSION = YES;
				CLANG_WARN_INFINITE_RECURSION = YES;
				CLANG_WARN_INT_CONVERSION = YES;
				CLANG_WARN_OBJC_ROOT_CLASS = YES_ERROR;
				CLANG_WARN_SUSPICIOUS_MOVES = YES;
				CLANG_WARN_UNREACHABLE_CODE = YES;
				CLANG_WARN__DUPLICATE_METHOD_MATCH = YES;
				"CODE_SIGN_IDENTITY[sdk=iphoneos*]" = "iPhone Developer";
				COPY_PHASE_STRIP = NO;
				DEBUG_INFORMATION_FORMAT = "dwarf-with-dsym";
				ENABLE_NS_ASSERTIONS = NO;
				ENABLE_STRICT_OBJC_MSGSEND = YES;
				GCC_C_LANGUAGE_STANDARD = gnu99;
				GCC_NO_COMMON_BLOCKS = YES;
				GCC_WARN_64_TO_32_BIT_CONVERSION = YES;
				GCC_WARN_ABOUT_RETURN_TYPE = YES_ERROR;
				GCC_WARN_UNDECLARED_SELECTOR = YES;
				GCC_WARN_UNINITIALIZED_AUTOS = YES_AGGRESSIVE;
				GCC_WARN_UNUSED_FUNCTION = YES;
				GCC_WARN_UNUSED_VARIABLE = YES;
				IPHONEOS_DEPLOYMENT_TARGET = 10.1;
				MTL_ENABLE_DEBUG_INFO = NO;
				SDKROOT = iphoneos;
				SWIFT_OPTIMIZATION_LEVEL = "-Owholemodule";
				VALIDATE_PRODUCT = YES;
			};
			name = Release;
		};
		ACCC1E991F35486A0052901A /* Debug */ = {
			isa = XCBuildConfiguration;
			buildSettings = {
				ASSETCATALOG_COMPILER_APPICON_NAME = AppIcon;
				INFOPLIST_FILE = "Exemplo TableView/Info.plist";
				LD_RUNPATH_SEARCH_PATHS = "$(inherited) @executable_path/Frameworks";
				PRODUCT_BUNDLE_IDENTIFIER = "com.fiap.Exemplo-TableView";
				PRODUCT_NAME = "$(TARGET_NAME)";
				SWIFT_VERSION = 3.0;
			};
			name = Debug;
		};
		ACCC1E9A1F35486A0052901A /* Release */ = {
			isa = XCBuildConfiguration;
			buildSettings = {
				ASSETCATALOG_COMPILER_APPICON_NAME = AppIcon;
				INFOPLIST_FILE = "Exemplo TableView/Info.plist";
				LD_RUNPATH_SEARCH_PATHS = "$(inherited) @executable_path/Frameworks";
				PRODUCT_BUNDLE_IDENTIFIER = "com.fiap.Exemplo-TableView";
				PRODUCT_NAME = "$(TARGET_NAME)";
				SWIFT_VERSION = 3.0;
			};
			name = Release;
		};
/* End XCBuildConfiguration section */

/* Begin XCConfigurationList section */
		ACCC1E811F35486A0052901A /* Build configuration list for PBXProject "Exemplo TableView" */ = {
			isa = XCConfigurationList;
			buildConfigurations = (
				ACCC1E961F35486A0052901A /* Debug */,
				ACCC1E971F35486A0052901A /* Release */,
			);
			defaultConfigurationIsVisible = 0;
			defaultConfigurationName = Release;
		};
		ACCC1E981F35486A0052901A /* Build configuration list for PBXNativeTarget "Exemplo TableView" */ = {
			isa = XCConfigurationList;
			buildConfigurations = (
				ACCC1E991F35486A0052901A /* Debug */,
				ACCC1E9A1F35486A0052901A /* Release */,
			);
			defaultConfigurationIsVisible = 0;
		};
/* End XCConfigurationList section */
	};
	rootObject = ACCC1E7E1F35486A0052901A /* Project object */;
}
